
Microsoft Visual Studio Solution File, Format Version 12.00
# Visual Studio Version 16
VisualStudioVersion = 16.0.30717.126
MinimumVisualStudioVersion = 10.0.40219.1
Project("{FAE04EC0-301F-11D3-BF4B-00C04F79EFBC}") = "SalesWebMVC", "SalesWebMVC\SalesWebMVC.csproj", "{0E511D0A-6225-4AFC-BD3A-5D55EAEE0392}"
EndProject
Global
	GlobalSection(SolutionConfigurationPlatforms) = preSolution
		Debug|Any CPU = Debug|Any CPU
		Release|Any CPU = Release|Any CPU
	EndGlobalSection
	GlobalSection(ProjectConfigurationPlatforms) = postSolution
		{0E511D0A-6225-4AFC-BD3A-5D55EAEE0392}.Debug|Any CPU.ActiveCfg = Debug|Any CPU
		{0E511D0A-6225-4AFC-BD3A-5D55EAEE0392}.Debug|Any CPU.Build.0 = Debug|Any CPU
		{0E511D0A-6225-4AFC-BD3A-5D55EAEE0392}.Release|Any CPU.ActiveCfg = Release|Any CPU
		{0E511D0A-6225-4AFC-BD3A-5D55EAEE0392}.Release|Any CPU.Build.0 = Release|Any CPU
	EndGlobalSection
	GlobalSection(SolutionProperties) = preSolution
		HideSolutionNode = FALSE
	EndGlobalSection
	GlobalSection(ExtensibilityGlobals) = postSolution
		SolutionGuid = {0D9218C5-1E13-41D8-884B-61B26ABC919E}
	EndGlobalSection
EndGlobal
